// !$*UTF8*$!
{
	archiveVersion = 1;
	classes = {
	};
	objectVersion = 46;
	objects = {

/* Begin PBXBuildFile section */
		D431D8FE1B37B9630027A466 /* CalculatorBrain.swift in Sources */ = {isa = PBXBuildFile; fileRef = D431D8FD1B37B9630027A466 /* CalculatorBrain.swift */; };
		D4DBC3531B37657F00478942 /* AppDelegate.swift in Sources */ = {isa = PBXBuildFile; fileRef = D4DBC3521B37657F00478942 /* AppDelegate.swift */; };
		D4DBC3551B37657F00478942 /* ViewController.swift in Sources */ = {isa = PBXBuildFile; fileRef = D4DBC3541B37657F00478942 /* ViewController.swift */; };
		D4DBC3581B37657F00478942 /* Main.storyboard in Resources */ = {isa = PBXBuildFile; fileRef = D4DBC3561B37657F00478942 /* Main.storyboard */; };
		D4DBC35A1B37657F00478942 /* Images.xcassets in Resources */ = {isa = PBXBuildFile; fileRef = D4DBC3591B37657F00478942 /* Images.xcassets */; };
		D4DBC35D1B37657F00478942 /* LaunchScreen.xib in Resources */ = {isa = PBXBuildFile; fileRef = D4DBC35B1B37657F00478942 /* LaunchScreen.xib */; };
		D4DBC3691B37657F00478942 /* CalculatorTests.swift in Sources */ = {isa = PBXBuildFile; fileRef = D4DBC3681B37657F00478942 /* CalculatorTests.swift */; };
/* End PBXBuildFile section */

/* Begin PBXContainerItemProxy section */
		D4DBC3631B37657F00478942 /* PBXContainerItemProxy */ = {
			isa = PBXContainerItemProxy;
			containerPortal = D4DBC3451B37657F00478942 /* Project object */;
			proxyType = 1;
			remoteGlobalIDString = D4DBC34C1B37657F00478942;
			remoteInfo = Calculator;
		};
/* End PBXContainerItemProxy section */

/* Begin PBXFileReference section */
		D431D8FD1B37B9630027A466 /* CalculatorBrain.swift */ = {isa = PBXFileReference; fileEncoding = 4; lastKnownFileType = sourcecode.swift; path = CalculatorBrain.swift; sourceTree = "<group>"; };
		D4DBC34D1B37657F00478942 /* Calculator.app */ = {isa = PBXFileReference; explicitFileType = wrapper.application; includeInIndex = 0; path = Calculator.app; sourceTree = BUILT_PRODUCTS_DIR; };
		D4DBC3511B37657F00478942 /* Info.plist */ = {isa = PBXFileReference; lastKnownFileType = text.plist.xml; path = Info.plist; sourceTree = "<group>"; };
		D4DBC3521B37657F00478942 /* AppDelegate.swift */ = {isa = PBXFileReference; lastKnownFileType = sourcecode.swift; path = AppDelegate.swift; sourceTree = "<group>"; };
		D4DBC3541B37657F00478942 /* ViewController.swift */ = {isa = PBXFileReference; lastKnownFileType = sourcecode.swift; path = ViewController.swift; sourceTree = "<group>"; };
		D4DBC3571B37657F00478942 /* Base */ = {isa = PBXFileReference; lastKnownFileType = file.storyboard; name = Base; path = Base.lproj/Main.storyboard; sourceTree = "<group>"; };
		D4DBC3591B37657F00478942 /* Images.xcassets */ = {isa = PBXFileReference; lastKnownFileType = folder.assetcatalog; path = Images.xcassets; sourceTree = "<group>"; };
		D4DBC35C1B37657F00478942 /* Base */ = {isa = PBXFileReference; lastKnownFileType = file.xib; name = Base; path = Base.lproj/LaunchScreen.xib; sourceTree = "<group>"; };
		D4DBC3621B37657F00478942 /* CalculatorTests.xctest */ = {isa = PBXFileReference; explicitFileType = wrapper.cfbundle; includeInIndex = 0; path = CalculatorTests.xctest; sourceTree = BUILT_PRODUCTS_DIR; };
		D4DBC3671B37657F00478942 /* Info.plist */ = {isa = PBXFileReference; lastKnownFileType = text.plist.xml; path = Info.plist; sourceTree = "<group>"; };
		D4DBC3681B37657F00478942 /* CalculatorTests.swift */ = {isa = PBXFileReference; lastKnownFileType = sourcecode.swift; path = CalculatorTests.swift; sourceTree = "<group>"; };
/* End PBXFileReference section */

/* Begin PBXFrameworksBuildPhase section */
		D4DBC34A1B37657F00478942 /* Frameworks */ = {
			isa = PBXFrameworksBuildPhase;
			buildActionMask = 2147483647;
			files = (
			);
			runOnlyForDeploymentPostprocessing = 0;
		};
		D4DBC35F1B37657F00478942 /* Frameworks */ = {
			isa = PBXFrameworksBuildPhase;
			buildActionMask = 2147483647;
			files = (
			);
			runOnlyForDeploymentPostprocessing = 0;
		};
/* End PBXFrameworksBuildPhase section */

/* Begin PBXGroup section */
		D4DBC3441B37657F00478942 = {
			isa = PBXGroup;
			children = (
				D4DBC34F1B37657F00478942 /* Calculator */,
				D4DBC3651B37657F00478942 /* CalculatorTests */,
				D4DBC34E1B37657F00478942 /* Products */,
			);
			sourceTree = "<group>";
		};
		D4DBC34E1B37657F00478942 /* Products */ = {
			isa = PBXGroup;
			children = (
				D4DBC34D1B37657F00478942 /* Calculator.app */,
				D4DBC3621B37657F00478942 /* CalculatorTests.xctest */,
			);
			name = Products;
			sourceTree = "<group>";
		};
		D4DBC34F1B37657F00478942 /* Calculator */ = {
			isa = PBXGroup;
			children = (
				D4DBC3541B37657F00478942 /* ViewController.swift */,
				D4DBC3561B37657F00478942 /* Main.storyboard */,
				D431D8FD1B37B9630027A466 /* CalculatorBrain.swift */,
				D4DBC3501B37657F00478942 /* Supporting Files */,
			);
			path = Calculator;
			sourceTree = "<group>";
		};
		D4DBC3501B37657F00478942 /* Supporting Files */ = {
			isa = PBXGroup;
			children = (
				D4DBC35B1B37657F00478942 /* LaunchScreen.xib */,
				D4DBC3591B37657F00478942 /* Images.xcassets */,
				D4DBC3521B37657F00478942 /* AppDelegate.swift */,
				D4DBC3511B37657F00478942 /* Info.plist */,
			);
			name = "Supporting Files";
			sourceTree = "<group>";
		};
		D4DBC3651B37657F00478942 /* CalculatorTests */ = {
			isa = PBXGroup;
			children = (
				D4DBC3681B37657F00478942 /* CalculatorTests.swift */,
				D4DBC3661B37657F00478942 /* Supporting Files */,
			);
			path = CalculatorTests;
			sourceTree = "<group>";
		};
		D4DBC3661B37657F00478942 /* Supporting Files */ = {
			isa = PBXGroup;
			children = (
				D4DBC3671B37657F00478942 /* Info.plist */,
			);
			name = "Supporting Files";
			sourceTree = "<group>";
		};
/* End PBXGroup section */

/* Begin PBXNativeTarget section */
		D4DBC34C1B37657F00478942 /* Calculator */ = {
			isa = PBXNativeTarget;
			buildConfigurationList = D4DBC36C1B37657F00478942 /* Build configuration list for PBXNativeTarget "Calculator" */;
			buildPhases = (
				D4DBC3491B37657F00478942 /* Sources */,
				D4DBC34A1B37657F00478942 /* Frameworks */,
				D4DBC34B1B37657F00478942 /* Resources */,
			);
			buildRules = (
			);
			dependencies = (
			);
			name = Calculator;
			productName = Calculator;
			productReference = D4DBC34D1B37657F00478942 /* Calculator.app */;
			productType = "com.apple.product-type.application";
		};
		D4DBC3611B37657F00478942 /* CalculatorTests */ = {
			isa = PBXNativeTarget;
			buildConfigurationList = D4DBC36F1B37657F00478942 /* Build configuration list for PBXNativeTarget "CalculatorTests" */;
			buildPhases = (
				D4DBC35E1B37657F00478942 /* Sources */,
				D4DBC35F1B37657F00478942 /* Frameworks */,
				D4DBC3601B37657F00478942 /* Resources */,
			);
			buildRules = (
			);
			dependencies = (
				D4DBC3641B37657F00478942 /* PBXTargetDependency */,
			);
			name = CalculatorTests;
			productName = CalculatorTests;
			productReference = D4DBC3621B37657F00478942 /* CalculatorTests.xctest */;
			productType = "com.apple.product-type.bundle.unit-test";
		};
/* End PBXNativeTarget section */

/* Begin PBXProject section */
		D4DBC3451B37657F00478942 /* Project object */ = {
			isa = PBXProject;
			attributes = {
				LastUpgradeCheck = 0630;
				ORGANIZATIONNAME = QuickSorta;
				TargetAttributes = {
					D4DBC34C1B37657F00478942 = {
						CreatedOnToolsVersion = 6.3.2;
						DevelopmentTeam = 98V2AF4CL5;
					};
					D4DBC3611B37657F00478942 = {
						CreatedOnToolsVersion = 6.3.2;
						TestTargetID = D4DBC34C1B37657F00478942;
					};
				};
			};
			buildConfigurationList = D4DBC3481B37657F00478942 /* Build configuration list for PBXProject "Calculator" */;
			compatibilityVersion = "Xcode 3.2";
			developmentRegion = English;
			hasScannedForEncodings = 0;
			knownRegions = (
				en,
				Base,
			);
			mainGroup = D4DBC3441B37657F00478942;
			productRefGroup = D4DBC34E1B37657F00478942 /* Products */;
			projectDirPath = "";
			projectRoot = "";
			targets = (
				D4DBC34C1B37657F00478942 /* Calculator */,
				D4DBC3611B37657F00478942 /* CalculatorTests */,
			);
		};
/* End PBXProject section */

/* Begin PBXResourcesBuildPhase section */
		D4DBC34B1B37657F00478942 /* Resources */ = {
			isa = PBXResourcesBuildPhase;
			buildActionMask = 2147483647;
			files = (
				D4DBC3581B37657F00478942 /* Main.storyboard in Resources */,
				D4DBC35D1B37657F00478942 /* LaunchScreen.xib in Resources */,
				D4DBC35A1B37657F00478942 /* Images.xcassets in Resources */,
			);
			runOnlyForDeploymentPostprocessing = 0;
		};
		D4DBC3601B37657F00478942 /* Resources */ = {
			isa = PBXResourcesBuildPhase;
			buildActionMask = 2147483647;
			files = (
			);
			runOnlyForDeploymentPostprocessing = 0;
		};
/* End PBXResourcesBuildPhase section */

/* Begin PBXSourcesBuildPhase section */
		D4DBC3491B37657F00478942 /* Sources */ = {
			isa = PBXSourcesBuildPhase;
			buildActionMask = 2147483647;
			files = (
				D431D8FE1B37B9630027A466 /* CalculatorBrain.swift in Sources */,
				D4DBC3551B37657F00478942 /* ViewController.swift in Sources */,
				D4DBC3531B37657F00478942 /* AppDelegate.swift in Sources */,
			);
			runOnlyForDeploymentPostprocessing = 0;
		};
		D4DBC35E1B37657F00478942 /* Sources */ = {
			isa = PBXSourcesBuildPhase;
			buildActionMask = 2147483647;
			files = (
				D4DBC3691B37657F00478942 /* CalculatorTests.swift in Sources */,
			);
			runOnlyForDeploymentPostprocessing = 0;
		};
/* End PBXSourcesBuildPhase section */

/* Begin PBXTargetDependency section */
		D4DBC3641B37657F00478942 /* PBXTargetDependency */ = {
			isa = PBXTargetDependency;
			target = D4DBC34C1B37657F00478942 /* Calculator */;
			targetProxy = D4DBC3631B37657F00478942 /* PBXContainerItemProxy */;
		};
/* End PBXTargetDependency section */

/* Begin PBXVariantGroup section */
		D4DBC3561B37657F00478942 /* Main.storyboard */ = {
			isa = PBXVariantGroup;
			children = (
				D4DBC3571B37657F00478942 /* Base */,
			);
			name = Main.storyboard;
			sourceTree = "<group>";
		};
		D4DBC35B1B37657F00478942 /* LaunchScreen.xib */ = {
			isa = PBXVariantGroup;
			children = (
				D4DBC35C1B37657F00478942 /* Base */,
			);
			name = LaunchScreen.xib;
			sourceTree = "<group>";
		};
/* End PBXVariantGroup section */

/* Begin XCBuildConfiguration section */
		D4DBC36A1B37657F00478942 /* Debug */ = {
			isa = XCBuildConfiguration;
			buildSettings = {
				ALWAYS_SEARCH_USER_PATHS = NO;
				CLANG_CXX_LANGUAGE_STANDARD = "gnu++0x";
				CLANG_CXX_LIBRARY = "libc++";
				CLANG_ENABLE_MODULES = YES;
				CLANG_ENABLE_OBJC_ARC = YES;
				CLANG_WARN_BOOL_CONVERSION = YES;
				CLANG_WARN_CONSTANT_CONVERSION = YES;
				CLANG_WARN_DIRECT_OBJC_ISA_USAGE = YES_ERROR;
				CLANG_WARN_EMPTY_BODY = YES;
				CLANG_WARN_ENUM_CONVERSION = YES;
				CLANG_WARN_INT_CONVERSION = YES;
				CLANG_WARN_OBJC_ROOT_CLASS = YES_ERROR;
				CLANG_WARN_UNREACHABLE_CODE = YES;
				CLANG_WARN__DUPLICATE_METHOD_MATCH = YES;
				"CODE_SIGN_IDENTITY[sdk=iphoneos*]" = "iPhone Developer";
				COPY_PHASE_STRIP = NO;
				DEBUG_INFORMATION_FORMAT = "dwarf-with-dsym";
				ENABLE_STRICT_OBJC_MSGSEND = YES;
				GCC_C_LANGUAGE_STANDARD = gnu99;
				GCC_DYNAMIC_NO_PIC = NO;
				GCC_NO_COMMON_BLOCKS = YES;
				GCC_OPTIMIZATION_LEVEL = 0;
				GCC_PREPROCESSOR_DEFINITIONS = (
					"DEBUG=1",
					"$(inherited)",
				);
				GCC_SYMBOLS_PRIVATE_EXTERN = NO;
				GCC_WARN_64_TO_32_BIT_CONVERSION = YES;
				GCC_WARN_ABOUT_RETURN_TYPE = YES_ERROR;
				GCC_WARN_UNDECLARED_SELECTOR = YES;
				GCC_WARN_UNINITIALIZED_AUTOS = YES_AGGRESSIVE;
				GCC_WARN_UNUSED_FUNCTION = YES;
				GCC_WARN_UNUSED_VARIABLE = YES;
				IPHONEOS_DEPLOYMENT_TARGET = 8.3;
				MTL_ENABLE_DEBUG_INFO = YES;
				ONLY_ACTIVE_ARCH = YES;
				SDKROOT = iphoneos;
				SWIFT_OPTIMIZATION_LEVEL = "-Onone";
				TARGETED_DEVICE_FAMILY = "1,2";
			};
			name = Debug;
		};
		D4DBC36B1B37657F00478942 /* Release */ = {
			isa = XCBuildConfiguration;
			buildSettings = {
				ALWAYS_SEARCH_USER_PATHS = NO;
				CLANG_CXX_LANGUAGE_STANDARD = "gnu++0x";
				CLANG_CXX_LIBRARY = "libc++";
				CLANG_ENABLE_MODULES = YES;
				CLANG_ENABLE_OBJC_ARC = YES;
				CLANG_WARN_BOOL_CONVERSION = YES;
				CLANG_WARN_CONSTANT_CONVERSION = YES;
				CLANG_WARN_DIRECT_OBJC_ISA_USAGE = YES_ERROR;
				CLANG_WARN_EMPTY_BODY = YES;
				CLANG_WARN_ENUM_CONVERSION = YES;
				CLANG_WARN_INT_CONVERSION = YES;
				CLANG_WARN_OBJC_ROOT_CLASS = YES_ERROR;
				CLANG_WARN_UNREACHABLE_CODE = YES;
				CLANG_WARN__DUPLICATE_METHOD_MATCH = YES;
				"CODE_SIGN_IDENTITY[sdk=iphoneos*]" = "iPhone Developer";
				COPY_PHASE_STRIP = NO;
				DEBUG_INFORMATION_FORMAT = "dwarf-with-dsym";
				ENABLE_NS_ASSERTIONS = NO;
				ENABLE_STRICT_OBJC_MSGSEND = YES;
				GCC_C_LANGUAGE_STANDARD = gnu99;
				GCC_NO_COMMON_BLOCKS = YES;
				GCC_WARN_64_TO_32_BIT_CONVERSION = YES;
				GCC_WARN_ABOUT_RETURN_TYPE = YES_ERROR;
				GCC_WARN_UNDECLARED_SELECTOR = YES;
				GCC_WARN_UNINITIALIZED_AUTOS = YES_AGGRESSIVE;
				GCC_WARN_UNUSED_FUNCTION = YES;
				GCC_WARN_UNUSED_VARIABLE = YES;
				IPHONEOS_DEPLOYMENT_TARGET = 8.3;
				MTL_ENABLE_DEBUG_INFO = NO;
				SDKROOT = iphoneos;
				TARGETED_DEVICE_FAMILY = "1,2";
				VALIDATE_PRODUCT = YES;
			};
			name = Release;
		};
		D4DBC36D1B37657F00478942 /* Debug */ = {
			isa = XCBuildConfiguration;
			buildSettings = {
				ASSETCATALOG_COMPILER_APPICON_NAME = AppIcon;
				CODE_SIGN_IDENTITY = "iPhone Developer";
				"CODE_SIGN_IDENTITY[sdk=iphoneos*]" = "iPhone Developer";
				INFOPLIST_FILE = Calculator/Info.plist;
				LD_RUNPATH_SEARCH_PATHS = "$(inherited) @executable_path/Frameworks";
				PRODUCT_NAME = "$(TARGET_NAME)";
				PROVISIONING_PROFILE = "";
			};
			name = Debug;
		};
		D4DBC36E1B37657F00478942 /* Release */ = {
			isa = XCBuildConfiguration;
			buildSettings = {
				ASSETCATALOG_COMPILER_APPICON_NAME = AppIcon;
				CODE_SIGN_IDENTITY = "iPhone Developer";
				"CODE_SIGN_IDENTITY[sdk=iphoneos*]" = "iPhone Developer";
				INFOPLIST_FILE = Calculator/Info.plist;
				LD_RUNPATH_SEARCH_PATHS = "$(inherited) @executable_path/Frameworks";
				PRODUCT_NAME = "$(TARGET_NAME)";
				PROVISIONING_PROFILE = "";
			};
			name = Release;
		};
		D4DBC3701B37657F00478942 /* Debug */ = {
			isa = XCBuildConfiguration;
			buildSettings = {
				BUNDLE_LOADER = "$(TEST_HOST)";
				FRAMEWORK_SEARCH_PATHS = (
					"$(SDKROOT)/Developer/Library/Frameworks",
					"$(inherited)",
				);
				GCC_PREPROCESSOR_DEFINITIONS = (
					"DEBUG=1",
					"$(inherited)",
				);
				INFOPLIST_FILE = CalculatorTests/Info.plist;
				LD_RUNPATH_SEARCH_PATHS = "$(inherited) @executable_path/Frameworks @loader_path/Frameworks";
				PRODUCT_NAME = "$(TARGET_NAME)";
				TEST_HOST = "$(BUILT_PRODUCTS_DIR)/Calculator.app/Calculator";
			};
			name = Debug;
		};
		D4DBC3711B37657F00478942 /* Release */ = {
			isa = XCBuildConfiguration;
			buildSettings = {
				BUNDLE_LOADER = "$(TEST_HOST)";
				FRAMEWORK_SEARCH_PATHS = (
					"$(SDKROOT)/Developer/Library/Frameworks",
					"$(inherited)",
				);
				INFOPLIST_FILE = CalculatorTests/Info.plist;
				LD_RUNPATH_SEARCH_PATHS = "$(inherited) @executable_path/Frameworks @loader_path/Frameworks";
				PRODUCT_NAME = "$(TARGET_NAME)";
				TEST_HOST = "$(BUILT_PRODUCTS_DIR)/Calculator.app/Calculator";
			};
			name = Release;
		};
/* End XCBuildConfiguration section */

/* Begin XCConfigurationList section */
		D4DBC3481B37657F00478942 /* Build configuration list for PBXProject "Calculator" */ = {
			isa = XCConfigurationList;
			buildConfigurations = (
				D4DBC36A1B37657F00478942 /* Debug */,
				D4DBC36B1B37657F00478942 /* Release */,
			);
			defaultConfigurationIsVisible = 0;
			defaultConfigurationName = Release;
		};
		D4DBC36C1B37657F00478942 /* Build configuration list for PBXNativeTarget "Calculator" */ = {
			isa = XCConfigurationList;
			buildConfigurations = (
				D4DBC36D1B37657F00478942 /* Debug */,
				D4DBC36E1B37657F00478942 /* Release */,
			);
			defaultConfigurationIsVisible = 0;
			defaultConfigurationName = Release;
		};
		D4DBC36F1B37657F00478942 /* Build configuration list for PBXNativeTarget "CalculatorTests" */ = {
			isa = XCConfigurationList;
			buildConfigurations = (
				D4DBC3701B37657F00478942 /* Debug */,
				D4DBC3711B37657F00478942 /* Release */,
			);
			defaultConfigurationIsVisible = 0;
			defaultConfigurationName = Release;
		};
/* End XCConfigurationList section */
	};
	rootObject = D4DBC3451B37657F00478942 /* Project object */;
}
