// !$*UTF8*$!
{
	archiveVersion = 1;
	classes = {
	};
	objectVersion = 46;
	objects = {

/* Begin PBXBuildFile section */
		D4102B681B3F46D500B981D6 /* AppDelegate.swift in Sources */ = {isa = PBXBuildFile; fileRef = D4102B671B3F46D500B981D6 /* AppDelegate.swift */; };
		D4102B6A1B3F46D500B981D6 /* ViewController.swift in Sources */ = {isa = PBXBuildFile; fileRef = D4102B691B3F46D500B981D6 /* ViewController.swift */; };
		D4102B6D1B3F46D500B981D6 /* Main.storyboard in Resources */ = {isa = PBXBuildFile; fileRef = D4102B6B1B3F46D500B981D6 /* Main.storyboard */; };
		D4102B6F1B3F46D500B981D6 /* Images.xcassets in Resources */ = {isa = PBXBuildFile; fileRef = D4102B6E1B3F46D500B981D6 /* Images.xcassets */; };
		D4102B721B3F46D500B981D6 /* LaunchScreen.xib in Resources */ = {isa = PBXBuildFile; fileRef = D4102B701B3F46D500B981D6 /* LaunchScreen.xib */; };
		D4102B7E1B3F46D500B981D6 /* testApplicationTests.swift in Sources */ = {isa = PBXBuildFile; fileRef = D4102B7D1B3F46D500B981D6 /* testApplicationTests.swift */; };
/* End PBXBuildFile section */

/* Begin PBXContainerItemProxy section */
		D4102B781B3F46D500B981D6 /* PBXContainerItemProxy */ = {
			isa = PBXContainerItemProxy;
			containerPortal = D4102B5A1B3F46D500B981D6 /* Project object */;
			proxyType = 1;
			remoteGlobalIDString = D4102B611B3F46D500B981D6;
			remoteInfo = testApplication;
		};
/* End PBXContainerItemProxy section */

/* Begin PBXFileReference section */
		D4102B621B3F46D500B981D6 /* testApplication.app */ = {isa = PBXFileReference; explicitFileType = wrapper.application; includeInIndex = 0; path = testApplication.app; sourceTree = BUILT_PRODUCTS_DIR; };
		D4102B661B3F46D500B981D6 /* Info.plist */ = {isa = PBXFileReference; lastKnownFileType = text.plist.xml; path = Info.plist; sourceTree = "<group>"; };
		D4102B671B3F46D500B981D6 /* AppDelegate.swift */ = {isa = PBXFileReference; lastKnownFileType = sourcecode.swift; path = AppDelegate.swift; sourceTree = "<group>"; };
		D4102B691B3F46D500B981D6 /* ViewController.swift */ = {isa = PBXFileReference; lastKnownFileType = sourcecode.swift; path = ViewController.swift; sourceTree = "<group>"; };
		D4102B6C1B3F46D500B981D6 /* Base */ = {isa = PBXFileReference; lastKnownFileType = file.storyboard; name = Base; path = Base.lproj/Main.storyboard; sourceTree = "<group>"; };
		D4102B6E1B3F46D500B981D6 /* Images.xcassets */ = {isa = PBXFileReference; lastKnownFileType = folder.assetcatalog; path = Images.xcassets; sourceTree = "<group>"; };
		D4102B711B3F46D500B981D6 /* Base */ = {isa = PBXFileReference; lastKnownFileType = file.xib; name = Base; path = Base.lproj/LaunchScreen.xib; sourceTree = "<group>"; };
		D4102B771B3F46D500B981D6 /* testApplicationTests.xctest */ = {isa = PBXFileReference; explicitFileType = wrapper.cfbundle; includeInIndex = 0; path = testApplicationTests.xctest; sourceTree = BUILT_PRODUCTS_DIR; };
		D4102B7C1B3F46D500B981D6 /* Info.plist */ = {isa = PBXFileReference; lastKnownFileType = text.plist.xml; path = Info.plist; sourceTree = "<group>"; };
		D4102B7D1B3F46D500B981D6 /* testApplicationTests.swift */ = {isa = PBXFileReference; lastKnownFileType = sourcecode.swift; path = testApplicationTests.swift; sourceTree = "<group>"; };
/* End PBXFileReference section */

/* Begin PBXFrameworksBuildPhase section */
		D4102B5F1B3F46D500B981D6 /* Frameworks */ = {
			isa = PBXFrameworksBuildPhase;
			buildActionMask = 2147483647;
			files = (
			);
			runOnlyForDeploymentPostprocessing = 0;
		};
		D4102B741B3F46D500B981D6 /* Frameworks */ = {
			isa = PBXFrameworksBuildPhase;
			buildActionMask = 2147483647;
			files = (
			);
			runOnlyForDeploymentPostprocessing = 0;
		};
/* End PBXFrameworksBuildPhase section */

/* Begin PBXGroup section */
		D4102B591B3F46D500B981D6 = {
			isa = PBXGroup;
			children = (
				D4102B641B3F46D500B981D6 /* testApplication */,
				D4102B7A1B3F46D500B981D6 /* testApplicationTests */,
				D4102B631B3F46D500B981D6 /* Products */,
			);
			sourceTree = "<group>";
		};
		D4102B631B3F46D500B981D6 /* Products */ = {
			isa = PBXGroup;
			children = (
				D4102B621B3F46D500B981D6 /* testApplication.app */,
				D4102B771B3F46D500B981D6 /* testApplicationTests.xctest */,
			);
			name = Products;
			sourceTree = "<group>";
		};
		D4102B641B3F46D500B981D6 /* testApplication */ = {
			isa = PBXGroup;
			children = (
				D4102B691B3F46D500B981D6 /* ViewController.swift */,
				D4102B6B1B3F46D500B981D6 /* Main.storyboard */,
				D4102B6E1B3F46D500B981D6 /* Images.xcassets */,
				D4102B651B3F46D500B981D6 /* Supporting Files */,
			);
			path = testApplication;
			sourceTree = "<group>";
		};
		D4102B651B3F46D500B981D6 /* Supporting Files */ = {
			isa = PBXGroup;
			children = (
				D4102B701B3F46D500B981D6 /* LaunchScreen.xib */,
				D4102B671B3F46D500B981D6 /* AppDelegate.swift */,
				D4102B661B3F46D500B981D6 /* Info.plist */,
			);
			name = "Supporting Files";
			sourceTree = "<group>";
		};
		D4102B7A1B3F46D500B981D6 /* testApplicationTests */ = {
			isa = PBXGroup;
			children = (
				D4102B7D1B3F46D500B981D6 /* testApplicationTests.swift */,
				D4102B7B1B3F46D500B981D6 /* Supporting Files */,
			);
			path = testApplicationTests;
			sourceTree = "<group>";
		};
		D4102B7B1B3F46D500B981D6 /* Supporting Files */ = {
			isa = PBXGroup;
			children = (
				D4102B7C1B3F46D500B981D6 /* Info.plist */,
			);
			name = "Supporting Files";
			sourceTree = "<group>";
		};
/* End PBXGroup section */

/* Begin PBXNativeTarget section */
		D4102B611B3F46D500B981D6 /* testApplication */ = {
			isa = PBXNativeTarget;
			buildConfigurationList = D4102B811B3F46D500B981D6 /* Build configuration list for PBXNativeTarget "testApplication" */;
			buildPhases = (
				D4102B5E1B3F46D500B981D6 /* Sources */,
				D4102B5F1B3F46D500B981D6 /* Frameworks */,
				D4102B601B3F46D500B981D6 /* Resources */,
			);
			buildRules = (
			);
			dependencies = (
			);
			name = testApplication;
			productName = testApplication;
			productReference = D4102B621B3F46D500B981D6 /* testApplication.app */;
			productType = "com.apple.product-type.application";
		};
		D4102B761B3F46D500B981D6 /* testApplicationTests */ = {
			isa = PBXNativeTarget;
			buildConfigurationList = D4102B841B3F46D500B981D6 /* Build configuration list for PBXNativeTarget "testApplicationTests" */;
			buildPhases = (
				D4102B731B3F46D500B981D6 /* Sources */,
				D4102B741B3F46D500B981D6 /* Frameworks */,
				D4102B751B3F46D500B981D6 /* Resources */,
			);
			buildRules = (
			);
			dependencies = (
				D4102B791B3F46D500B981D6 /* PBXTargetDependency */,
			);
			name = testApplicationTests;
			productName = testApplicationTests;
			productReference = D4102B771B3F46D500B981D6 /* testApplicationTests.xctest */;
			productType = "com.apple.product-type.bundle.unit-test";
		};
/* End PBXNativeTarget section */

/* Begin PBXProject section */
		D4102B5A1B3F46D500B981D6 /* Project object */ = {
			isa = PBXProject;
			attributes = {
				LastUpgradeCheck = 0630;
				ORGANIZATIONNAME = QuickSorta;
				TargetAttributes = {
					D4102B611B3F46D500B981D6 = {
						CreatedOnToolsVersion = 6.3.2;
					};
					D4102B761B3F46D500B981D6 = {
						CreatedOnToolsVersion = 6.3.2;
						TestTargetID = D4102B611B3F46D500B981D6;
					};
				};
			};
			buildConfigurationList = D4102B5D1B3F46D500B981D6 /* Build configuration list for PBXProject "testApplication" */;
			compatibilityVersion = "Xcode 3.2";
			developmentRegion = English;
			hasScannedForEncodings = 0;
			knownRegions = (
				en,
				Base,
			);
			mainGroup = D4102B591B3F46D500B981D6;
			productRefGroup = D4102B631B3F46D500B981D6 /* Products */;
			projectDirPath = "";
			projectRoot = "";
			targets = (
				D4102B611B3F46D500B981D6 /* testApplication */,
				D4102B761B3F46D500B981D6 /* testApplicationTests */,
			);
		};
/* End PBXProject section */

/* Begin PBXResourcesBuildPhase section */
		D4102B601B3F46D500B981D6 /* Resources */ = {
			isa = PBXResourcesBuildPhase;
			buildActionMask = 2147483647;
			files = (
				D4102B6D1B3F46D500B981D6 /* Main.storyboard in Resources */,
				D4102B721B3F46D500B981D6 /* LaunchScreen.xib in Resources */,
				D4102B6F1B3F46D500B981D6 /* Images.xcassets in Resources */,
			);
			runOnlyForDeploymentPostprocessing = 0;
		};
		D4102B751B3F46D500B981D6 /* Resources */ = {
			isa = PBXResourcesBuildPhase;
			buildActionMask = 2147483647;
			files = (
			);
			runOnlyForDeploymentPostprocessing = 0;
		};
/* End PBXResourcesBuildPhase section */

/* Begin PBXSourcesBuildPhase section */
		D4102B5E1B3F46D500B981D6 /* Sources */ = {
			isa = PBXSourcesBuildPhase;
			buildActionMask = 2147483647;
			files = (
				D4102B6A1B3F46D500B981D6 /* ViewController.swift in Sources */,
				D4102B681B3F46D500B981D6 /* AppDelegate.swift in Sources */,
			);
			runOnlyForDeploymentPostprocessing = 0;
		};
		D4102B731B3F46D500B981D6 /* Sources */ = {
			isa = PBXSourcesBuildPhase;
			buildActionMask = 2147483647;
			files = (
				D4102B7E1B3F46D500B981D6 /* testApplicationTests.swift in Sources */,
			);
			runOnlyForDeploymentPostprocessing = 0;
		};
/* End PBXSourcesBuildPhase section */

/* Begin PBXTargetDependency section */
		D4102B791B3F46D500B981D6 /* PBXTargetDependency */ = {
			isa = PBXTargetDependency;
			target = D4102B611B3F46D500B981D6 /* testApplication */;
			targetProxy = D4102B781B3F46D500B981D6 /* PBXContainerItemProxy */;
		};
/* End PBXTargetDependency section */

/* Begin PBXVariantGroup section */
		D4102B6B1B3F46D500B981D6 /* Main.storyboard */ = {
			isa = PBXVariantGroup;
			children = (
				D4102B6C1B3F46D500B981D6 /* Base */,
			);
			name = Main.storyboard;
			sourceTree = "<group>";
		};
		D4102B701B3F46D500B981D6 /* LaunchScreen.xib */ = {
			isa = PBXVariantGroup;
			children = (
				D4102B711B3F46D500B981D6 /* Base */,
			);
			name = LaunchScreen.xib;
			sourceTree = "<group>";
		};
/* End PBXVariantGroup section */

/* Begin XCBuildConfiguration section */
		D4102B7F1B3F46D500B981D6 /* Debug */ = {
			isa = XCBuildConfiguration;
			buildSettings = {
				ALWAYS_SEARCH_USER_PATHS = NO;
				CLANG_CXX_LANGUAGE_STANDARD = "gnu++0x";
				CLANG_CXX_LIBRARY = "libc++";
				CLANG_ENABLE_MODULES = YES;
				CLANG_ENABLE_OBJC_ARC = YES;
				CLANG_WARN_BOOL_CONVERSION = YES;
				CLANG_WARN_CONSTANT_CONVERSION = YES;
				CLANG_WARN_DIRECT_OBJC_ISA_USAGE = YES_ERROR;
				CLANG_WARN_EMPTY_BODY = YES;
				CLANG_WARN_ENUM_CONVERSION = YES;
				CLANG_WARN_INT_CONVERSION = YES;
				CLANG_WARN_OBJC_ROOT_CLASS = YES_ERROR;
				CLANG_WARN_UNREACHABLE_CODE = YES;
				CLANG_WARN__DUPLICATE_METHOD_MATCH = YES;
				"CODE_SIGN_IDENTITY[sdk=iphoneos*]" = "iPhone Developer";
				COPY_PHASE_STRIP = NO;
				DEBUG_INFORMATION_FORMAT = "dwarf-with-dsym";
				ENABLE_STRICT_OBJC_MSGSEND = YES;
				GCC_C_LANGUAGE_STANDARD = gnu99;
				GCC_DYNAMIC_NO_PIC = NO;
				GCC_NO_COMMON_BLOCKS = YES;
				GCC_OPTIMIZATION_LEVEL = 0;
				GCC_PREPROCESSOR_DEFINITIONS = (
					"DEBUG=1",
					"$(inherited)",
				);
				GCC_SYMBOLS_PRIVATE_EXTERN = NO;
				GCC_WARN_64_TO_32_BIT_CONVERSION = YES;
				GCC_WARN_ABOUT_RETURN_TYPE = YES_ERROR;
				GCC_WARN_UNDECLARED_SELECTOR = YES;
				GCC_WARN_UNINITIALIZED_AUTOS = YES_AGGRESSIVE;
				GCC_WARN_UNUSED_FUNCTION = YES;
				GCC_WARN_UNUSED_VARIABLE = YES;
				IPHONEOS_DEPLOYMENT_TARGET = 8.3;
				MTL_ENABLE_DEBUG_INFO = YES;
				ONLY_ACTIVE_ARCH = YES;
				SDKROOT = iphoneos;
				SWIFT_OPTIMIZATION_LEVEL = "-Onone";
				TARGETED_DEVICE_FAMILY = "1,2";
			};
			name = Debug;
		};
		D4102B801B3F46D500B981D6 /* Release */ = {
			isa = XCBuildConfiguration;
			buildSettings = {
				ALWAYS_SEARCH_USER_PATHS = NO;
				CLANG_CXX_LANGUAGE_STANDARD = "gnu++0x";
				CLANG_CXX_LIBRARY = "libc++";
				CLANG_ENABLE_MODULES = YES;
				CLANG_ENABLE_OBJC_ARC = YES;
				CLANG_WARN_BOOL_CONVERSION = YES;
				CLANG_WARN_CONSTANT_CONVERSION = YES;
				CLANG_WARN_DIRECT_OBJC_ISA_USAGE = YES_ERROR;
				CLANG_WARN_EMPTY_BODY = YES;
				CLANG_WARN_ENUM_CONVERSION = YES;
				CLANG_WARN_INT_CONVERSION = YES;
				CLANG_WARN_OBJC_ROOT_CLASS = YES_ERROR;
				CLANG_WARN_UNREACHABLE_CODE = YES;
				CLANG_WARN__DUPLICATE_METHOD_MATCH = YES;
				"CODE_SIGN_IDENTITY[sdk=iphoneos*]" = "iPhone Developer";
				COPY_PHASE_STRIP = NO;
				DEBUG_INFORMATION_FORMAT = "dwarf-with-dsym";
				ENABLE_NS_ASSERTIONS = NO;
				ENABLE_STRICT_OBJC_MSGSEND = YES;
				GCC_C_LANGUAGE_STANDARD = gnu99;
				GCC_NO_COMMON_BLOCKS = YES;
				GCC_WARN_64_TO_32_BIT_CONVERSION = YES;
				GCC_WARN_ABOUT_RETURN_TYPE = YES_ERROR;
				GCC_WARN_UNDECLARED_SELECTOR = YES;
				GCC_WARN_UNINITIALIZED_AUTOS = YES_AGGRESSIVE;
				GCC_WARN_UNUSED_FUNCTION = YES;
				GCC_WARN_UNUSED_VARIABLE = YES;
				IPHONEOS_DEPLOYMENT_TARGET = 8.3;
				MTL_ENABLE_DEBUG_INFO = NO;
				SDKROOT = iphoneos;
				TARGETED_DEVICE_FAMILY = "1,2";
				VALIDATE_PRODUCT = YES;
			};
			name = Release;
		};
		D4102B821B3F46D500B981D6 /* Debug */ = {
			isa = XCBuildConfiguration;
			buildSettings = {
				ASSETCATALOG_COMPILER_APPICON_NAME = AppIcon;
				INFOPLIST_FILE = testApplication/Info.plist;
				LD_RUNPATH_SEARCH_PATHS = "$(inherited) @executable_path/Frameworks";
				PRODUCT_NAME = "$(TARGET_NAME)";
			};
			name = Debug;
		};
		D4102B831B3F46D500B981D6 /* Release */ = {
			isa = XCBuildConfiguration;
			buildSettings = {
				ASSETCATALOG_COMPILER_APPICON_NAME = AppIcon;
				INFOPLIST_FILE = testApplication/Info.plist;
				LD_RUNPATH_SEARCH_PATHS = "$(inherited) @executable_path/Frameworks";
				PRODUCT_NAME = "$(TARGET_NAME)";
			};
			name = Release;
		};
		D4102B851B3F46D500B981D6 /* Debug */ = {
			isa = XCBuildConfiguration;
			buildSettings = {
				BUNDLE_LOADER = "$(TEST_HOST)";
				FRAMEWORK_SEARCH_PATHS = (
					"$(SDKROOT)/Developer/Library/Frameworks",
					"$(inherited)",
				);
				GCC_PREPROCESSOR_DEFINITIONS = (
					"DEBUG=1",
					"$(inherited)",
				);
				INFOPLIST_FILE = testApplicationTests/Info.plist;
				LD_RUNPATH_SEARCH_PATHS = "$(inherited) @executable_path/Frameworks @loader_path/Frameworks";
				PRODUCT_NAME = "$(TARGET_NAME)";
				TEST_HOST = "$(BUILT_PRODUCTS_DIR)/testApplication.app/testApplication";
			};
			name = Debug;
		};
		D4102B861B3F46D500B981D6 /* Release */ = {
			isa = XCBuildConfiguration;
			buildSettings = {
				BUNDLE_LOADER = "$(TEST_HOST)";
				FRAMEWORK_SEARCH_PATHS = (
					"$(SDKROOT)/Developer/Library/Frameworks",
					"$(inherited)",
				);
				INFOPLIST_FILE = testApplicationTests/Info.plist;
				LD_RUNPATH_SEARCH_PATHS = "$(inherited) @executable_path/Frameworks @loader_path/Frameworks";
				PRODUCT_NAME = "$(TARGET_NAME)";
				TEST_HOST = "$(BUILT_PRODUCTS_DIR)/testApplication.app/testApplication";
			};
			name = Release;
		};
/* End XCBuildConfiguration section */

/* Begin XCConfigurationList section */
		D4102B5D1B3F46D500B981D6 /* Build configuration list for PBXProject "testApplication" */ = {
			isa = XCConfigurationList;
			buildConfigurations = (
				D4102B7F1B3F46D500B981D6 /* Debug */,
				D4102B801B3F46D500B981D6 /* Release */,
			);
			defaultConfigurationIsVisible = 0;
			defaultConfigurationName = Release;
		};
		D4102B811B3F46D500B981D6 /* Build configuration list for PBXNativeTarget "testApplication" */ = {
			isa = XCConfigurationList;
			buildConfigurations = (
				D4102B821B3F46D500B981D6 /* Debug */,
				D4102B831B3F46D500B981D6 /* Release */,
			);
			defaultConfigurationIsVisible = 0;
		};
		D4102B841B3F46D500B981D6 /* Build configuration list for PBXNativeTarget "testApplicationTests" */ = {
			isa = XCConfigurationList;
			buildConfigurations = (
				D4102B851B3F46D500B981D6 /* Debug */,
				D4102B861B3F46D500B981D6 /* Release */,
			);
			defaultConfigurationIsVisible = 0;
		};
/* End XCConfigurationList section */
	};
	rootObject = D4102B5A1B3F46D500B981D6 /* Project object */;
}
